
Microsoft Visual Studio Solution File, Format Version 12.00
# Visual Studio Version 16
VisualStudioVersion = 16.0.32630.194
MinimumVisualStudioVersion = 10.0.40219.1
Project("{8BC9CEB8-8B4A-11D0-8D11-00A0C91BC942}") = "chaptet5", "chaptet5.vcxproj", "{E647621A-11AD-4457-974B-F774A12628F8}"
EndProject
Global
	GlobalSection(SolutionConfigurationPlatforms) = preSolution
		Debug|x64 = Debug|x64
		Debug|x86 = Debug|x86
		Release|x64 = Release|x64
		Release|x86 = Release|x86
	EndGlobalSection
	GlobalSection(ProjectConfigurationPlatforms) = postSolution
		{E647621A-11AD-4457-974B-F774A12628F8}.Debug|x64.ActiveCfg = Debug|x64
		{E647621A-11AD-4457-974B-F774A12628F8}.Debug|x64.Build.0 = Debug|x64
		{E647621A-11AD-4457-974B-F774A12628F8}.Debug|x86.ActiveCfg = Debug|Win32
		{E647621A-11AD-4457-974B-F774A12628F8}.Debug|x86.Build.0 = Debug|Win32
		{E647621A-11AD-4457-974B-F774A12628F8}.Release|x64.ActiveCfg = Release|x64
		{E647621A-11AD-4457-974B-F774A12628F8}.Release|x64.Build.0 = Release|x64
		{E647621A-11AD-4457-974B-F774A12628F8}.Release|x86.ActiveCfg = Release|Win32
		{E647621A-11AD-4457-974B-F774A12628F8}.Release|x86.Build.0 = Release|Win32
	EndGlobalSection
	GlobalSection(SolutionProperties) = preSolution
		HideSolutionNode = FALSE
	EndGlobalSection
	GlobalSection(ExtensibilityGlobals) = postSolution
		SolutionGuid = {79EB9AEB-96D6-46A0-9D85-C3CFC1FBC586}
	EndGlobalSection
EndGlobal
